PODS:
  - Fritz (3.0.0):
    - Fritz/ManagedModel (= 3.0.0)
  - Fritz/Core (3.0.0)
  - Fritz/CoreMLHelpers (3.0.0)
  - Fritz/ManagedModel (3.0.0):
    - Fritz/Core
  - Fritz/Vision (3.0.0):
    - Fritz/Core
    - Fritz/CoreMLHelpers
    - Fritz/ManagedModel
  - Fritz/VisionSegmentationModel/People (3.0.0):
    - Fritz/ManagedModel
    - Fritz/Vision

DEPENDENCIES:
  - Fritz (~> 3.0.0)
  - Fritz/VisionSegmentationModel/People

SPEC REPOS:
  https://github.com/cocoapods/specs.git:
    - Fritz

SPEC CHECKSUMS:
  Fritz: dd09b8350005a0b2148cd4c143bed5b636e169fd

PODFILE CHECKSUM: debf46b0cdaa7248361c87b4674a13e87e735b48

COCOAPODS: 1.6.0
