PODS:
  - Fritz (3.2.0):
    - Fritz/ManagedModel (= 3.2.0)
  - Fritz/Core (3.2.0)
  - Fritz/CoreMLHelpers (3.2.0)
  - Fritz/ManagedModel (3.2.0):
    - Fritz/Core
  - Fritz/Vision (3.2.0):
    - Fritz/Core
    - Fritz/CoreMLHelpers
    - Fritz/ManagedModel
  - Fritz/VisionStyleModel/Paintings (3.2.0):
    - Fritz/Vision

DEPENDENCIES:
  - Fritz (~> 3.2.0)
  - Fritz/VisionStyleModel/Paintings

SPEC REPOS:
  https://github.com/cocoapods/specs.git:
    - Fritz

SPEC CHECKSUMS:
  Fritz: b582c55d6d4f823dfb87cafc7823d3b8067dad37

PODFILE CHECKSUM: 632ec7848ea4927cd290e3871843dc5cba2a27b5

COCOAPODS: 1.6.1
