PODS:
  - Fritz (4.2.1):
    - Fritz/ManagedModel (= 4.2.1)
  - Fritz/Core (4.2.1)
  - Fritz/CoreMLHelpers (4.2.1)
  - Fritz/ManagedModel (4.2.1):
    - Fritz/Core
  - Fritz/Vision (4.2.1):
    - Fritz/Core
    - Fritz/CoreMLHelpers
  - Fritz/VisionStyleModel (4.2.1):
    - Fritz/VisionStyleModel/Paintings (= 4.2.1)
    - Fritz/VisionStyleModelBase
  - Fritz/VisionStyleModel/Paintings (4.2.1):
    - Fritz/VisionStyleModelBase
  - Fritz/VisionStyleModelBase (4.2.1):
    - Fritz/Core
    - Fritz/ManagedModel
    - Fritz/Vision

DEPENDENCIES:
  - Fritz
  - Fritz/VisionStyleModel

SPEC REPOS:
  https://github.com/cocoapods/specs.git:
    - Fritz

SPEC CHECKSUMS:
  Fritz: 88eb1bc516bb027d5899af4a4ee2b7ce316065d3

PODFILE CHECKSUM: 6c452a6574ee1504cb63ee9aec161eec3f1738e4

COCOAPODS: 1.5.2
