PODS:
  - Fritz (3.0.1):
    - Fritz/ManagedModel (= 3.0.1)
  - Fritz/Core (3.0.1)
  - Fritz/CoreMLHelpers (3.0.1)
  - Fritz/ManagedModel (3.0.1):
    - Fritz/Core
  - Fritz/Vision (3.0.1):
    - Fritz/Core
    - Fritz/CoreMLHelpers
    - Fritz/ManagedModel

DEPENDENCIES:
  - Fritz (~> 3.0)
  - Fritz/Vision

SPEC REPOS:
  https://github.com/cocoapods/specs.git:
    - Fritz

SPEC CHECKSUMS:
  Fritz: 415848247f28b6acbce1af9dfbc66507f4296ccf

PODFILE CHECKSUM: e591f8ce7cc8e6e8b5fb7d67a987890b67950dfe

COCOAPODS: 1.6.0
