PODS:
  - Fritz (3.6.1):
    - Fritz/Vision (= 3.6.1)
  - Fritz/Vision (3.6.1):
    - FritzBase/Vision (= 3.6.1)
  - Fritz/VisionSegmentationModel/Pet (3.6.1):
    - FritzVisionPetSegmentationModel (= 3.6.1)
  - FritzBase/Core (3.6.1)
  - FritzBase/CoreMLHelpers (3.6.1)
  - FritzBase/ManagedModel (3.6.1):
    - FritzBase/Core (= 3.6.1)
  - FritzBase/Vision (3.6.1):
    - FritzBase/Core (= 3.6.1)
    - FritzBase/CoreMLHelpers (= 3.6.1)
    - FritzBase/ManagedModel (= 3.6.1)
  - FritzVisionPetSegmentationModel (3.6.1):
    - FritzBase/Vision (= 3.6.1)

DEPENDENCIES:
  - Fritz
  - Fritz/VisionSegmentationModel/Pet

SPEC REPOS:
  https://github.com/cocoapods/specs.git:
    - Fritz
    - FritzBase
    - FritzVisionPetSegmentationModel

SPEC CHECKSUMS:
  Fritz: 9c1359e37c1e615ce8f2cc322fea0d4d004f0b26
  FritzBase: 089331dcdf6bd08f637adf69d4e6a4c2fcdd1637
  FritzVisionPetSegmentationModel: 2ae5aa8b46eb2ba70bc783f15345fe9ec45c064f

PODFILE CHECKSUM: b4e114d71eb70431b5fea7b17f632e90e25cb6bf

COCOAPODS: 1.7.4
