PODS:
  - Fritz (3.3.0):
    - Fritz/Vision (= 3.3.0)
  - Fritz/Vision (3.3.0):
    - FritzBase/Vision
  - Fritz/VisionSegmentationModel/Hair (3.3.0):
    - FritzVisionHairSegmentationModel
  - FritzBase/Core (3.3.0)
  - FritzBase/CoreMLHelpers (3.3.0)
  - FritzBase/ManagedModel (3.3.0):
    - FritzBase/Core
  - FritzBase/Vision (3.3.0):
    - FritzBase/Core
    - FritzBase/CoreMLHelpers
    - FritzBase/ManagedModel
  - FritzVisionHairSegmentationModel (3.3.0):
    - FritzBase/Vision

DEPENDENCIES:
  - Fritz (~> 3.3.0)
  - Fritz/VisionSegmentationModel/Hair

SPEC REPOS:
  https://github.com/cocoapods/specs.git:
    - Fritz
    - FritzBase
    - FritzVisionHairSegmentationModel

SPEC CHECKSUMS:
  Fritz: f9591b1ef731a3bec66d98a300a0c7ca7a55a4d8
  FritzBase: 126502d993f8225561cf2e1226eb24169009a726
  FritzVisionHairSegmentationModel: f9c6bc9ae6137abafdf279e8879b45352c640f0b

PODFILE CHECKSUM: aad0545cc1b503e9c564f775d89574541844d2e3

COCOAPODS: 1.6.2
